
Microsoft Visual Studio Solution File, Format Version 12.00
# Visual Studio Version 17
VisualStudioVersion = 17.4.33213.308
MinimumVisualStudioVersion = 10.0.40219.1
Project("{FAE04EC0-301F-11D3-BF4B-00C04F79EFBC}") = "TrainingApp", "TrainingApp\TrainingApp.csproj", "{73DDF9D9-A16E-46A6-81E7-4A4E40CE8498}"
EndProject
Global
	GlobalSection(SolutionConfigurationPlatforms) = preSolution
		Debug|Any CPU = Debug|Any CPU
		Release|Any CPU = Release|Any CPU
	EndGlobalSection
	GlobalSection(ProjectConfigurationPlatforms) = postSolution
		{73DDF9D9-A16E-46A6-81E7-4A4E40CE8498}.Debug|Any CPU.ActiveCfg = Debug|Any CPU
		{73DDF9D9-A16E-46A6-81E7-4A4E40CE8498}.Debug|Any CPU.Build.0 = Debug|Any CPU
		{73DDF9D9-A16E-46A6-81E7-4A4E40CE8498}.Release|Any CPU.ActiveCfg = Release|Any CPU
		{73DDF9D9-A16E-46A6-81E7-4A4E40CE8498}.Release|Any CPU.Build.0 = Release|Any CPU
	EndGlobalSection
	GlobalSection(SolutionProperties) = preSolution
		HideSolutionNode = FALSE
	EndGlobalSection
	GlobalSection(ExtensibilityGlobals) = postSolution
		SolutionGuid = {AE9BDCD6-29E8-45DB-B91E-600D04F1152A}
	EndGlobalSection
EndGlobal
